// !$*UTF8*$!
{
	archiveVersion = 1;
	classes = {
	};
	objectVersion = 77;
	objects = {

/* Begin PBXBuildFile section */
		2262A3E22E128B17001BFB18 /* VitesseApp.swift in Sources */ = {isa = PBXBuildFile; fileRef = 2262A3E12E128B17001BFB18 /* VitesseApp.swift */; };
		2262A4102E129035001BFB18 /* DTOsModels.swift in Sources */ = {isa = PBXBuildFile; fileRef = 2262A40F2E129035001BFB18 /* DTOsModels.swift */; };
		2262A4122E129056001BFB18 /* BusinessModels.swift in Sources */ = {isa = PBXBuildFile; fileRef = 2262A4112E129056001BFB18 /* BusinessModels.swift */; };
		2262A4142E133570001BFB18 /* APIService.swift in Sources */ = {isa = PBXBuildFile; fileRef = 2262A4132E133570001BFB18 /* APIService.swift */; };
/* End PBXBuildFile section */

/* Begin PBXContainerItemProxy section */
		2262A3EF2E128B19001BFB18 /* PBXContainerItemProxy */ = {
			isa = PBXContainerItemProxy;
			containerPortal = 2262A3D62E128B17001BFB18 /* Project object */;
			proxyType = 1;
			remoteGlobalIDString = 2262A3DD2E128B17001BFB18;
			remoteInfo = Vitesse;
		};
		2262A3F92E128B19001BFB18 /* PBXContainerItemProxy */ = {
			isa = PBXContainerItemProxy;
			containerPortal = 2262A3D62E128B17001BFB18 /* Project object */;
			proxyType = 1;
			remoteGlobalIDString = 2262A3DD2E128B17001BFB18;
			remoteInfo = Vitesse;
		};
/* End PBXContainerItemProxy section */

/* Begin PBXFileReference section */
		2262A3DE2E128B17001BFB18 /* Vitesse.app */ = {isa = PBXFileReference; explicitFileType = wrapper.application; includeInIndex = 0; path = Vitesse.app; sourceTree = BUILT_PRODUCTS_DIR; };
		2262A3E12E128B17001BFB18 /* VitesseApp.swift */ = {isa = PBXFileReference; lastKnownFileType = sourcecode.swift; path = VitesseApp.swift; sourceTree = "<group>"; };
		2262A3EE2E128B19001BFB18 /* VitesseTests.xctest */ = {isa = PBXFileReference; explicitFileType = wrapper.cfbundle; includeInIndex = 0; path = VitesseTests.xctest; sourceTree = BUILT_PRODUCTS_DIR; };
		2262A3F82E128B19001BFB18 /* VitesseUITests.xctest */ = {isa = PBXFileReference; explicitFileType = wrapper.cfbundle; includeInIndex = 0; path = VitesseUITests.xctest; sourceTree = BUILT_PRODUCTS_DIR; };
		2262A40F2E129035001BFB18 /* DTOsModels.swift */ = {isa = PBXFileReference; lastKnownFileType = sourcecode.swift; path = DTOsModels.swift; sourceTree = "<group>"; };
		2262A4112E129056001BFB18 /* BusinessModels.swift */ = {isa = PBXFileReference; lastKnownFileType = sourcecode.swift; path = BusinessModels.swift; sourceTree = "<group>"; };
		2262A4132E133570001BFB18 /* APIService.swift */ = {isa = PBXFileReference; lastKnownFileType = sourcecode.swift; path = APIService.swift; sourceTree = "<group>"; };
/* End PBXFileReference section */

/* Begin PBXFileSystemSynchronizedRootGroup section */
		2262A3E02E128B17001BFB18 /* Vitesse */ = {
			isa = PBXFileSystemSynchronizedRootGroup;
			path = Vitesse;
			sourceTree = "<group>";
		};
		2262A3F12E128B19001BFB18 /* VitesseTests */ = {
			isa = PBXFileSystemSynchronizedRootGroup;
			path = VitesseTests;
			sourceTree = "<group>";
		};
		2262A3FB2E128B19001BFB18 /* VitesseUITests */ = {
			isa = PBXFileSystemSynchronizedRootGroup;
			path = VitesseUITests;
			sourceTree = "<group>";
		};
/* End PBXFileSystemSynchronizedRootGroup section */

/* Begin PBXFrameworksBuildPhase section */
		2262A3DB2E128B17001BFB18 /* Frameworks */ = {
			isa = PBXFrameworksBuildPhase;
			buildActionMask = 2147483647;
			files = (
			);
			runOnlyForDeploymentPostprocessing = 0;
		};
		2262A3EB2E128B19001BFB18 /* Frameworks */ = {
			isa = PBXFrameworksBuildPhase;
			buildActionMask = 2147483647;
			files = (
			);
			runOnlyForDeploymentPostprocessing = 0;
		};
		2262A3F52E128B19001BFB18 /* Frameworks */ = {
			isa = PBXFrameworksBuildPhase;
			buildActionMask = 2147483647;
			files = (
			);
			runOnlyForDeploymentPostprocessing = 0;
		};
/* End PBXFrameworksBuildPhase section */

/* Begin PBXGroup section */
		2262A3D52E128B17001BFB18 = {
			isa = PBXGroup;
			children = (
				2262A3E12E128B17001BFB18 /* VitesseApp.swift */,
				2262A40E2E129008001BFB18 /* Outils */,
				2262A40D2E128FFC001BFB18 /* Services */,
				2262A40C2E128FF3001BFB18 /* ViewModels */,
				2262A40B2E128FEA001BFB18 /* Models */,
				2262A3E02E128B17001BFB18 /* Vitesse */,
				2262A3F12E128B19001BFB18 /* VitesseTests */,
				2262A3FB2E128B19001BFB18 /* VitesseUITests */,
				2262A3DF2E128B17001BFB18 /* Products */,
			);
			sourceTree = "<group>";
		};
		2262A3DF2E128B17001BFB18 /* Products */ = {
			isa = PBXGroup;
			children = (
				2262A3DE2E128B17001BFB18 /* Vitesse.app */,
				2262A3EE2E128B19001BFB18 /* VitesseTests.xctest */,
				2262A3F82E128B19001BFB18 /* VitesseUITests.xctest */,
			);
			name = Products;
			sourceTree = "<group>";
		};
		2262A40B2E128FEA001BFB18 /* Models */ = {
			isa = PBXGroup;
			children = (
				2262A40F2E129035001BFB18 /* DTOsModels.swift */,
				2262A4112E129056001BFB18 /* BusinessModels.swift */,
			);
			path = Models;
			sourceTree = "<group>";
		};
		2262A40C2E128FF3001BFB18 /* ViewModels */ = {
			isa = PBXGroup;
			children = (
			);
			path = ViewModels;
			sourceTree = "<group>";
		};
		2262A40D2E128FFC001BFB18 /* Services */ = {
			isa = PBXGroup;
			children = (
				2262A4132E133570001BFB18 /* APIService.swift */,
			);
			path = Services;
			sourceTree = "<group>";
		};
		2262A40E2E129008001BFB18 /* Outils */ = {
			isa = PBXGroup;
			children = (
			);
			path = Outils;
			sourceTree = "<group>";
		};
/* End PBXGroup section */

/* Begin PBXNativeTarget section */
		2262A3DD2E128B17001BFB18 /* Vitesse */ = {
			isa = PBXNativeTarget;
			buildConfigurationList = 2262A4022E128B19001BFB18 /* Build configuration list for PBXNativeTarget "Vitesse" */;
			buildPhases = (
				2262A3DA2E128B17001BFB18 /* Sources */,
				2262A3DB2E128B17001BFB18 /* Frameworks */,
				2262A3DC2E128B17001BFB18 /* Resources */,
			);
			buildRules = (
			);
			dependencies = (
			);
			fileSystemSynchronizedGroups = (
				2262A3E02E128B17001BFB18 /* Vitesse */,
			);
			name = Vitesse;
			packageProductDependencies = (
			);
			productName = Vitesse;
			productReference = 2262A3DE2E128B17001BFB18 /* Vitesse.app */;
			productType = "com.apple.product-type.application";
		};
		2262A3ED2E128B19001BFB18 /* VitesseTests */ = {
			isa = PBXNativeTarget;
			buildConfigurationList = 2262A4052E128B19001BFB18 /* Build configuration list for PBXNativeTarget "VitesseTests" */;
			buildPhases = (
				2262A3EA2E128B19001BFB18 /* Sources */,
				2262A3EB2E128B19001BFB18 /* Frameworks */,
				2262A3EC2E128B19001BFB18 /* Resources */,
			);
			buildRules = (
			);
			dependencies = (
				2262A3F02E128B19001BFB18 /* PBXTargetDependency */,
			);
			fileSystemSynchronizedGroups = (
				2262A3F12E128B19001BFB18 /* VitesseTests */,
			);
			name = VitesseTests;
			packageProductDependencies = (
			);
			productName = VitesseTests;
			productReference = 2262A3EE2E128B19001BFB18 /* VitesseTests.xctest */;
			productType = "com.apple.product-type.bundle.unit-test";
		};
		2262A3F72E128B19001BFB18 /* VitesseUITests */ = {
			isa = PBXNativeTarget;
			buildConfigurationList = 2262A4082E128B19001BFB18 /* Build configuration list for PBXNativeTarget "VitesseUITests" */;
			buildPhases = (
				2262A3F42E128B19001BFB18 /* Sources */,
				2262A3F52E128B19001BFB18 /* Frameworks */,
				2262A3F62E128B19001BFB18 /* Resources */,
			);
			buildRules = (
			);
			dependencies = (
				2262A3FA2E128B19001BFB18 /* PBXTargetDependency */,
			);
			fileSystemSynchronizedGroups = (
				2262A3FB2E128B19001BFB18 /* VitesseUITests */,
			);
			name = VitesseUITests;
			packageProductDependencies = (
			);
			productName = VitesseUITests;
			productReference = 2262A3F82E128B19001BFB18 /* VitesseUITests.xctest */;
			productType = "com.apple.product-type.bundle.ui-testing";
		};
/* End PBXNativeTarget section */

/* Begin PBXProject section */
		2262A3D62E128B17001BFB18 /* Project object */ = {
			isa = PBXProject;
			attributes = {
				BuildIndependentTargetsInParallel = 1;
				LastSwiftUpdateCheck = 1600;
				LastUpgradeCheck = 1600;
				TargetAttributes = {
					2262A3DD2E128B17001BFB18 = {
						CreatedOnToolsVersion = 16.0;
					};
					2262A3ED2E128B19001BFB18 = {
						CreatedOnToolsVersion = 16.0;
						TestTargetID = 2262A3DD2E128B17001BFB18;
					};
					2262A3F72E128B19001BFB18 = {
						CreatedOnToolsVersion = 16.0;
						TestTargetID = 2262A3DD2E128B17001BFB18;
					};
				};
			};
			buildConfigurationList = 2262A3D92E128B17001BFB18 /* Build configuration list for PBXProject "Vitesse" */;
			developmentRegion = en;
			hasScannedForEncodings = 0;
			knownRegions = (
				en,
				Base,
			);
			mainGroup = 2262A3D52E128B17001BFB18;
			minimizedProjectReferenceProxies = 1;
			preferredProjectObjectVersion = 77;
			productRefGroup = 2262A3DF2E128B17001BFB18 /* Products */;
			projectDirPath = "";
			projectRoot = "";
			targets = (
				2262A3DD2E128B17001BFB18 /* Vitesse */,
				2262A3ED2E128B19001BFB18 /* VitesseTests */,
				2262A3F72E128B19001BFB18 /* VitesseUITests */,
			);
		};
/* End PBXProject section */

/* Begin PBXResourcesBuildPhase section */
		2262A3DC2E128B17001BFB18 /* Resources */ = {
			isa = PBXResourcesBuildPhase;
			buildActionMask = 2147483647;
			files = (
			);
			runOnlyForDeploymentPostprocessing = 0;
		};
		2262A3EC2E128B19001BFB18 /* Resources */ = {
			isa = PBXResourcesBuildPhase;
			buildActionMask = 2147483647;
			files = (
			);
			runOnlyForDeploymentPostprocessing = 0;
		};
		2262A3F62E128B19001BFB18 /* Resources */ = {
			isa = PBXResourcesBuildPhase;
			buildActionMask = 2147483647;
			files = (
			);
			runOnlyForDeploymentPostprocessing = 0;
		};
/* End PBXResourcesBuildPhase section */

/* Begin PBXSourcesBuildPhase section */
		2262A3DA2E128B17001BFB18 /* Sources */ = {
			isa = PBXSourcesBuildPhase;
			buildActionMask = 2147483647;
			files = (
				2262A4102E129035001BFB18 /* DTOsModels.swift in Sources */,
				2262A4142E133570001BFB18 /* APIService.swift in Sources */,
				2262A3E22E128B17001BFB18 /* VitesseApp.swift in Sources */,
				2262A4122E129056001BFB18 /* BusinessModels.swift in Sources */,
			);
			runOnlyForDeploymentPostprocessing = 0;
		};
		2262A3EA2E128B19001BFB18 /* Sources */ = {
			isa = PBXSourcesBuildPhase;
			buildActionMask = 2147483647;
			files = (
			);
			runOnlyForDeploymentPostprocessing = 0;
		};
		2262A3F42E128B19001BFB18 /* Sources */ = {
			isa = PBXSourcesBuildPhase;
			buildActionMask = 2147483647;
			files = (
			);
			runOnlyForDeploymentPostprocessing = 0;
		};
/* End PBXSourcesBuildPhase section */

/* Begin PBXTargetDependency section */
		2262A3F02E128B19001BFB18 /* PBXTargetDependency */ = {
			isa = PBXTargetDependency;
			target = 2262A3DD2E128B17001BFB18 /* Vitesse */;
			targetProxy = 2262A3EF2E128B19001BFB18 /* PBXContainerItemProxy */;
		};
		2262A3FA2E128B19001BFB18 /* PBXTargetDependency */ = {
			isa = PBXTargetDependency;
			target = 2262A3DD2E128B17001BFB18 /* Vitesse */;
			targetProxy = 2262A3F92E128B19001BFB18 /* PBXContainerItemProxy */;
		};
/* End PBXTargetDependency section */

/* Begin XCBuildConfiguration section */
		2262A4002E128B19001BFB18 /* Debug */ = {
			isa = XCBuildConfiguration;
			buildSettings = {
				ALWAYS_SEARCH_USER_PATHS = NO;
				ASSETCATALOG_COMPILER_GENERATE_SWIFT_ASSET_SYMBOL_EXTENSIONS = YES;
				CLANG_ANALYZER_NONNULL = YES;
				CLANG_ANALYZER_NUMBER_OBJECT_CONVERSION = YES_AGGRESSIVE;
				CLANG_CXX_LANGUAGE_STANDARD = "gnu++20";
				CLANG_ENABLE_MODULES = YES;
				CLANG_ENABLE_OBJC_ARC = YES;
				CLANG_ENABLE_OBJC_WEAK = YES;
				CLANG_WARN_BLOCK_CAPTURE_AUTORELEASING = YES;
				CLANG_WARN_BOOL_CONVERSION = YES;
				CLANG_WARN_COMMA = YES;
				CLANG_WARN_CONSTANT_CONVERSION = YES;
				CLANG_WARN_DEPRECATED_OBJC_IMPLEMENTATIONS = YES;
				CLANG_WARN_DIRECT_OBJC_ISA_USAGE = YES_ERROR;
				CLANG_WARN_DOCUMENTATION_COMMENTS = YES;
				CLANG_WARN_EMPTY_BODY = YES;
				CLANG_WARN_ENUM_CONVERSION = YES;
				CLANG_WARN_INFINITE_RECURSION = YES;
				CLANG_WARN_INT_CONVERSION = YES;
				CLANG_WARN_NON_LITERAL_NULL_CONVERSION = YES;
				CLANG_WARN_OBJC_IMPLICIT_RETAIN_SELF = YES;
				CLANG_WARN_OBJC_LITERAL_CONVERSION = YES;
				CLANG_WARN_OBJC_ROOT_CLASS = YES_ERROR;
				CLANG_WARN_QUOTED_INCLUDE_IN_FRAMEWORK_HEADER = YES;
				CLANG_WARN_RANGE_LOOP_ANALYSIS = YES;
				CLANG_WARN_STRICT_PROTOTYPES = YES;
				CLANG_WARN_SUSPICIOUS_MOVE = YES;
				CLANG_WARN_UNGUARDED_AVAILABILITY = YES_AGGRESSIVE;
				CLANG_WARN_UNREACHABLE_CODE = YES;
				CLANG_WARN__DUPLICATE_METHOD_MATCH = YES;
				COPY_PHASE_STRIP = NO;
				DEBUG_INFORMATION_FORMAT = dwarf;
				ENABLE_STRICT_OBJC_MSGSEND = YES;
				ENABLE_TESTABILITY = YES;
				ENABLE_USER_SCRIPT_SANDBOXING = YES;
				GCC_C_LANGUAGE_STANDARD = gnu17;
				GCC_DYNAMIC_NO_PIC = NO;
				GCC_NO_COMMON_BLOCKS = YES;
				GCC_OPTIMIZATION_LEVEL = 0;
				GCC_PREPROCESSOR_DEFINITIONS = (
					"DEBUG=1",
					"$(inherited)",
				);
				GCC_WARN_64_TO_32_BIT_CONVERSION = YES;
				GCC_WARN_ABOUT_RETURN_TYPE = YES_ERROR;
				GCC_WARN_UNDECLARED_SELECTOR = YES;
				GCC_WARN_UNINITIALIZED_AUTOS = YES_AGGRESSIVE;
				GCC_WARN_UNUSED_FUNCTION = YES;
				GCC_WARN_UNUSED_VARIABLE = YES;
				IPHONEOS_DEPLOYMENT_TARGET = 18.0;
				LOCALIZATION_PREFERS_STRING_CATALOGS = YES;
				MTL_ENABLE_DEBUG_INFO = INCLUDE_SOURCE;
				MTL_FAST_MATH = YES;
				ONLY_ACTIVE_ARCH = YES;
				SDKROOT = iphoneos;
				SWIFT_ACTIVE_COMPILATION_CONDITIONS = "DEBUG $(inherited)";
				SWIFT_OPTIMIZATION_LEVEL = "-Onone";
			};
			name = Debug;
		};
		2262A4012E128B19001BFB18 /* Release */ = {
			isa = XCBuildConfiguration;
			buildSettings = {
				ALWAYS_SEARCH_USER_PATHS = NO;
				ASSETCATALOG_COMPILER_GENERATE_SWIFT_ASSET_SYMBOL_EXTENSIONS = YES;
				CLANG_ANALYZER_NONNULL = YES;
				CLANG_ANALYZER_NUMBER_OBJECT_CONVERSION = YES_AGGRESSIVE;
				CLANG_CXX_LANGUAGE_STANDARD = "gnu++20";
				CLANG_ENABLE_MODULES = YES;
				CLANG_ENABLE_OBJC_ARC = YES;
				CLANG_ENABLE_OBJC_WEAK = YES;
				CLANG_WARN_BLOCK_CAPTURE_AUTORELEASING = YES;
				CLANG_WARN_BOOL_CONVERSION = YES;
				CLANG_WARN_COMMA = YES;
				CLANG_WARN_CONSTANT_CONVERSION = YES;
				CLANG_WARN_DEPRECATED_OBJC_IMPLEMENTATIONS = YES;
				CLANG_WARN_DIRECT_OBJC_ISA_USAGE = YES_ERROR;
				CLANG_WARN_DOCUMENTATION_COMMENTS = YES;
				CLANG_WARN_EMPTY_BODY = YES;
				CLANG_WARN_ENUM_CONVERSION = YES;
				CLANG_WARN_INFINITE_RECURSION = YES;
				CLANG_WARN_INT_CONVERSION = YES;
				CLANG_WARN_NON_LITERAL_NULL_CONVERSION = YES;
				CLANG_WARN_OBJC_IMPLICIT_RETAIN_SELF = YES;
				CLANG_WARN_OBJC_LITERAL_CONVERSION = YES;
				CLANG_WARN_OBJC_ROOT_CLASS = YES_ERROR;
				CLANG_WARN_QUOTED_INCLUDE_IN_FRAMEWORK_HEADER = YES;
				CLANG_WARN_RANGE_LOOP_ANALYSIS = YES;
				CLANG_WARN_STRICT_PROTOTYPES = YES;
				CLANG_WARN_SUSPICIOUS_MOVE = YES;
				CLANG_WARN_UNGUARDED_AVAILABILITY = YES_AGGRESSIVE;
				CLANG_WARN_UNREACHABLE_CODE = YES;
				CLANG_WARN__DUPLICATE_METHOD_MATCH = YES;
				COPY_PHASE_STRIP = NO;
				DEBUG_INFORMATION_FORMAT = "dwarf-with-dsym";
				ENABLE_NS_ASSERTIONS = NO;
				ENABLE_STRICT_OBJC_MSGSEND = YES;
				ENABLE_USER_SCRIPT_SANDBOXING = YES;
				GCC_C_LANGUAGE_STANDARD = gnu17;
				GCC_NO_COMMON_BLOCKS = YES;
				GCC_WARN_64_TO_32_BIT_CONVERSION = YES;
				GCC_WARN_ABOUT_RETURN_TYPE = YES_ERROR;
				GCC_WARN_UNDECLARED_SELECTOR = YES;
				GCC_WARN_UNINITIALIZED_AUTOS = YES_AGGRESSIVE;
				GCC_WARN_UNUSED_FUNCTION = YES;
				GCC_WARN_UNUSED_VARIABLE = YES;
				IPHONEOS_DEPLOYMENT_TARGET = 18.0;
				LOCALIZATION_PREFERS_STRING_CATALOGS = YES;
				MTL_ENABLE_DEBUG_INFO = NO;
				MTL_FAST_MATH = YES;
				SDKROOT = iphoneos;
				SWIFT_COMPILATION_MODE = wholemodule;
				VALIDATE_PRODUCT = YES;
			};
			name = Release;
		};
		2262A4032E128B19001BFB18 /* Debug */ = {
			isa = XCBuildConfiguration;
			buildSettings = {
				ASSETCATALOG_COMPILER_APPICON_NAME = AppIcon;
				ASSETCATALOG_COMPILER_GLOBAL_ACCENT_COLOR_NAME = AccentColor;
				CODE_SIGN_STYLE = Automatic;
				CURRENT_PROJECT_VERSION = 1;
				DEVELOPMENT_ASSET_PATHS = "\"Vitesse/Preview Content\"";
				ENABLE_PREVIEWS = YES;
				GENERATE_INFOPLIST_FILE = YES;
				INFOPLIST_KEY_UIApplicationSceneManifest_Generation = YES;
				INFOPLIST_KEY_UIApplicationSupportsIndirectInputEvents = YES;
				INFOPLIST_KEY_UILaunchScreen_Generation = YES;
				INFOPLIST_KEY_UISupportedInterfaceOrientations_iPad = "UIInterfaceOrientationPortrait UIInterfaceOrientationPortraitUpsideDown UIInterfaceOrientationLandscapeLeft UIInterfaceOrientationLandscapeRight";
				INFOPLIST_KEY_UISupportedInterfaceOrientations_iPhone = "UIInterfaceOrientationPortrait UIInterfaceOrientationLandscapeLeft UIInterfaceOrientationLandscapeRight";
				LD_RUNPATH_SEARCH_PATHS = (
					"$(inherited)",
					"@executable_path/Frameworks",
				);
				MARKETING_VERSION = 1.0;
				PRODUCT_BUNDLE_IDENTIFIER = com.gaby.Vitesse;
				PRODUCT_NAME = "$(TARGET_NAME)";
				SWIFT_EMIT_LOC_STRINGS = YES;
				SWIFT_VERSION = 5.0;
				TARGETED_DEVICE_FAMILY = "1,2";
			};
			name = Debug;
		};
		2262A4042E128B19001BFB18 /* Release */ = {
			isa = XCBuildConfiguration;
			buildSettings = {
				ASSETCATALOG_COMPILER_APPICON_NAME = AppIcon;
				ASSETCATALOG_COMPILER_GLOBAL_ACCENT_COLOR_NAME = AccentColor;
				CODE_SIGN_STYLE = Automatic;
				CURRENT_PROJECT_VERSION = 1;
				DEVELOPMENT_ASSET_PATHS = "\"Vitesse/Preview Content\"";
				ENABLE_PREVIEWS = YES;
				GENERATE_INFOPLIST_FILE = YES;
				INFOPLIST_KEY_UIApplicationSceneManifest_Generation = YES;
				INFOPLIST_KEY_UIApplicationSupportsIndirectInputEvents = YES;
				INFOPLIST_KEY_UILaunchScreen_Generation = YES;
				INFOPLIST_KEY_UISupportedInterfaceOrientations_iPad = "UIInterfaceOrientationPortrait UIInterfaceOrientationPortraitUpsideDown UIInterfaceOrientationLandscapeLeft UIInterfaceOrientationLandscapeRight";
				INFOPLIST_KEY_UISupportedInterfaceOrientations_iPhone = "UIInterfaceOrientationPortrait UIInterfaceOrientationLandscapeLeft UIInterfaceOrientationLandscapeRight";
				LD_RUNPATH_SEARCH_PATHS = (
					"$(inherited)",
					"@executable_path/Frameworks",
				);
				MARKETING_VERSION = 1.0;
				PRODUCT_BUNDLE_IDENTIFIER = com.gaby.Vitesse;
				PRODUCT_NAME = "$(TARGET_NAME)";
				SWIFT_EMIT_LOC_STRINGS = YES;
				SWIFT_VERSION = 5.0;
				TARGETED_DEVICE_FAMILY = "1,2";
			};
			name = Release;
		};
		2262A4062E128B19001BFB18 /* Debug */ = {
			isa = XCBuildConfiguration;
			buildSettings = {
				BUNDLE_LOADER = "$(TEST_HOST)";
				CODE_SIGN_STYLE = Automatic;
				CURRENT_PROJECT_VERSION = 1;
				GENERATE_INFOPLIST_FILE = YES;
				IPHONEOS_DEPLOYMENT_TARGET = 18.0;
				MARKETING_VERSION = 1.0;
				PRODUCT_BUNDLE_IDENTIFIER = com.gaby.VitesseTests;
				PRODUCT_NAME = "$(TARGET_NAME)";
				SWIFT_EMIT_LOC_STRINGS = NO;
				SWIFT_VERSION = 5.0;
				TARGETED_DEVICE_FAMILY = "1,2";
				TEST_HOST = "$(BUILT_PRODUCTS_DIR)/Vitesse.app/$(BUNDLE_EXECUTABLE_FOLDER_PATH)/Vitesse";
			};
			name = Debug;
		};
		2262A4072E128B19001BFB18 /* Release */ = {
			isa = XCBuildConfiguration;
			buildSettings = {
				BUNDLE_LOADER = "$(TEST_HOST)";
				CODE_SIGN_STYLE = Automatic;
				CURRENT_PROJECT_VERSION = 1;
				GENERATE_INFOPLIST_FILE = YES;
				IPHONEOS_DEPLOYMENT_TARGET = 18.0;
				MARKETING_VERSION = 1.0;
				PRODUCT_BUNDLE_IDENTIFIER = com.gaby.VitesseTests;
				PRODUCT_NAME = "$(TARGET_NAME)";
				SWIFT_EMIT_LOC_STRINGS = NO;
				SWIFT_VERSION = 5.0;
				TARGETED_DEVICE_FAMILY = "1,2";
				TEST_HOST = "$(BUILT_PRODUCTS_DIR)/Vitesse.app/$(BUNDLE_EXECUTABLE_FOLDER_PATH)/Vitesse";
			};
			name = Release;
		};
		2262A4092E128B19001BFB18 /* Debug */ = {
			isa = XCBuildConfiguration;
			buildSettings = {
				CODE_SIGN_STYLE = Automatic;
				CURRENT_PROJECT_VERSION = 1;
				GENERATE_INFOPLIST_FILE = YES;
				MARKETING_VERSION = 1.0;
				PRODUCT_BUNDLE_IDENTIFIER = com.gaby.VitesseUITests;
				PRODUCT_NAME = "$(TARGET_NAME)";
				SWIFT_EMIT_LOC_STRINGS = NO;
				SWIFT_VERSION = 5.0;
				TARGETED_DEVICE_FAMILY = "1,2";
				TEST_TARGET_NAME = Vitesse;
			};
			name = Debug;
		};
		2262A40A2E128B19001BFB18 /* Release */ = {
			isa = XCBuildConfiguration;
			buildSettings = {
				CODE_SIGN_STYLE = Automatic;
				CURRENT_PROJECT_VERSION = 1;
				GENERATE_INFOPLIST_FILE = YES;
				MARKETING_VERSION = 1.0;
				PRODUCT_BUNDLE_IDENTIFIER = com.gaby.VitesseUITests;
				PRODUCT_NAME = "$(TARGET_NAME)";
				SWIFT_EMIT_LOC_STRINGS = NO;
				SWIFT_VERSION = 5.0;
				TARGETED_DEVICE_FAMILY = "1,2";
				TEST_TARGET_NAME = Vitesse;
			};
			name = Release;
		};
/* End XCBuildConfiguration section */

/* Begin XCConfigurationList section */
		2262A3D92E128B17001BFB18 /* Build configuration list for PBXProject "Vitesse" */ = {
			isa = XCConfigurationList;
			buildConfigurations = (
				2262A4002E128B19001BFB18 /* Debug */,
				2262A4012E128B19001BFB18 /* Release */,
			);
			defaultConfigurationIsVisible = 0;
			defaultConfigurationName = Release;
		};
		2262A4022E128B19001BFB18 /* Build configuration list for PBXNativeTarget "Vitesse" */ = {
			isa = XCConfigurationList;
			buildConfigurations = (
				2262A4032E128B19001BFB18 /* Debug */,
				2262A4042E128B19001BFB18 /* Release */,
			);
			defaultConfigurationIsVisible = 0;
			defaultConfigurationName = Release;
		};
		2262A4052E128B19001BFB18 /* Build configuration list for PBXNativeTarget "VitesseTests" */ = {
			isa = XCConfigurationList;
			buildConfigurations = (
				2262A4062E128B19001BFB18 /* Debug */,
				2262A4072E128B19001BFB18 /* Release */,
			);
			defaultConfigurationIsVisible = 0;
			defaultConfigurationName = Release;
		};
		2262A4082E128B19001BFB18 /* Build configuration list for PBXNativeTarget "VitesseUITests" */ = {
			isa = XCConfigurationList;
			buildConfigurations = (
				2262A4092E128B19001BFB18 /* Debug */,
				2262A40A2E128B19001BFB18 /* Release */,
			);
			defaultConfigurationIsVisible = 0;
			defaultConfigurationName = Release;
		};
/* End XCConfigurationList section */
	};
	rootObject = 2262A3D62E128B17001BFB18 /* Project object */;
}
